<?xml version="1.0" encoding="utf-8"?>
<Project ToolsVersion="4.0" xmlns="http://schemas.microsoft.com/developer/msbuild/2003">
  <ItemGroup>
    <Filter Include="Source Files">
      <UniqueIdentifier>{81332a20-95e8-4c95-9965-8977a4ed0fa6}</UniqueIdentifier>
      <Extensions>cpp;c;cxx;rc;def;r;odl;idl;hpj;bat</Extensions>
    </Filter>
    <Filter Include="Header Files">
      <UniqueIdentifier>{ab1b3cce-c965-461f-8db5-09c81b752e03}</UniqueIdentifier>
      <Extensions>h;hpp;hxx;hm;inl</Extensions>
    </Filter>
    <Filter Include="Resource Files">
      <UniqueIdentifier>{474c5d3c-5ade-498e-9010-cfdf8474dec6}</UniqueIdentifier>
      <Extensions>ico;cur;bmp;dlg;rc2;rct;bin;cnt;rtf;gif;jpg;jpeg;jpe</Extensions>
    </Filter>
  </ItemGroup>
  <ItemGroup>
    <ClCompile Include="IIS.cpp">
      <Filter>Source Files</Filter>
    </ClCompile>
    <ClCompile Include="Request.cpp">
      <Filter>Source Files</Filter>
    </ClCompile>
    <ClCompile Include="StdAfx.cpp">
      <Filter>Source Files</Filter>
    </ClCompile>
    <ClCompile Include="ftp.cpp">
      <Filter>Source Files</Filter>
    </ClCompile>
    <ClCompile Include="err.cpp">
      <Filter>Source Files</Filter>
    </ClCompile>
    <ClCompile Include="com.cpp">
      <Filter>Source Files</Filter>
    </ClCompile>
    <ClCompile Include="utility.cpp">
      <Filter>Source Files</Filter>
    </ClCompile>
    <ClCompile Include="support.cpp">
      <Filter>Source Files</Filter>
    </ClCompile>
    <ClCompile Include="webserver.cpp">
      <Filter>Source Files</Filter>
    </ClCompile>
    <ClCompile Include="webdirectory.cpp">
      <Filter>Source Files</Filter>
    </ClCompile>
    <ClCompile Include="nntpserver.cpp">
      <Filter>Source Files</Filter>
    </ClCompile>
    <ClCompile Include="smtpserver.cpp">
      <Filter>Source Files</Filter>
    </ClCompile>
    <ClCompile Include="services.cpp">
      <Filter>Source Files</Filter>
    </ClCompile>
    <ClCompile Include="modules.cpp">
      <Filter>Source Files</Filter>
    </ClCompile>
  </ItemGroup>
  <ItemGroup>
    <ResourceCompile Include="IIS.rc">
      <Filter>Source Files</Filter>
    </ResourceCompile>
  </ItemGroup>
  <ItemGroup>
    <ClInclude Include="IIS.h">
      <Filter>Header Files</Filter>
    </ClInclude>
    <ClInclude Include="Resource.h">
      <Filter>Header Files</Filter>
    </ClInclude>
    <ClInclude Include="StdAfx.h">
      <Filter>Header Files</Filter>
    </ClInclude>
    <ClInclude Include="ftp.h">
      <Filter>Header Files</Filter>
    </ClInclude>
    <ClInclude Include="com.h">
      <Filter>Header Files</Filter>
    </ClInclude>
    <ClInclude Include="common.h">
      <Filter>Header Files</Filter>
    </ClInclude>
    <ClInclude Include="err.h">
      <Filter>Header Files</Filter>
    </ClInclude>
    <ClInclude Include="ihtkpassword.h">
      <Filter>Header Files</Filter>
    </ClInclude>
    <ClInclude Include="utility.h">
      <Filter>Header Files</Filter>
    </ClInclude>
    <ClInclude Include="support.h">
      <Filter>Header Files</Filter>
    </ClInclude>
    <ClInclude Include="webserver.h">
      <Filter>Header Files</Filter>
    </ClInclude>
    <ClInclude Include="webdirectory.h">
      <Filter>Header Files</Filter>
    </ClInclude>
    <ClInclude Include="nntpserver.h">
      <Filter>Header Files</Filter>
    </ClInclude>
    <ClInclude Include="smtpserver.h">
      <Filter>Header Files</Filter>
    </ClInclude>
    <ClInclude Include="services.h">
      <Filter>Header Files</Filter>
    </ClInclude>
    <ClInclude Include="modules.h">
      <Filter>Header Files</Filter>
    </ClInclude>
  </ItemGroup>
  <ItemGroup>
    <CustomBuild Include="IIS.def">
      <Filter>Source Files</Filter>
    </CustomBuild>
    <CustomBuild Include="res\IIS.rc2">
      <Filter>Resource Files</Filter>
    </CustomBuild>
  </ItemGroup>
</Project>